github.com/cloudfoundry/bytefmt v0.0.0-20200131002437-cf55d5288a48 h1:PEwjDh+JW/7GFGLMaqnHwDWz55OpQGW8fqHqSLiTU4E=
github.com/cloudfoundry/bytefmt v0.0.0-20200131002437-cf55d5288a48/go.mod h1:4oo6ExqTPaBVBwSm814h6UO5Fels1kN2KvpNscaCcS0=
github.com/kballard/go-shellquote v0.0.0-20180428030007-95032a82bc51 h1:Z9n2FFNUXsshfwJMBgNA0RU6/i7WVaAegv3PtuIHPMs=
github.com/kballard/go-shellquote v0.0.0-20180428030007-95032a82bc51/go.mod h1:CzGEWj7cYgsdH8dAjBGEr58BoE7ScuLd+fwFZ44+/x8=
